
Microsoft Visual Studio Solution File, Format Version 12.00
# Visual Studio Version 17
VisualStudioVersion = 17.11.35327.3
MinimumVisualStudioVersion = 10.0.40219.1
Project("{FAE04EC0-301F-11D3-BF4B-00C04F79EFBC}") = "HPHT", "HPHT\HPHT.csproj", "{E91EA02A-DB20-441A-AC75-DB7075568A0B}"
EndProject
Global
	GlobalSection(SolutionConfigurationPlatforms) = preSolution
		Debug|Any CPU = Debug|Any CPU
		Release|Any CPU = Release|Any CPU
	EndGlobalSection
	GlobalSection(ProjectConfigurationPlatforms) = postSolution
		{E91EA02A-DB20-441A-AC75-DB7075568A0B}.Debug|Any CPU.ActiveCfg = Debug|Any CPU
		{E91EA02A-DB20-441A-AC75-DB7075568A0B}.Debug|Any CPU.Build.0 = Debug|Any CPU
		{E91EA02A-DB20-441A-AC75-DB7075568A0B}.Release|Any CPU.ActiveCfg = Release|Any CPU
		{E91EA02A-DB20-441A-AC75-DB7075568A0B}.Release|Any CPU.Build.0 = Release|Any CPU
	EndGlobalSection
	GlobalSection(SolutionProperties) = preSolution
		HideSolutionNode = FALSE
	EndGlobalSection
	GlobalSection(ExtensibilityGlobals) = postSolution
		SolutionGuid = {CC504A67-7B53-4F3E-85AF-ED2616F421A0}
	EndGlobalSection
EndGlobal
